
Microsoft Visual Studio Solution File, Format Version 12.00
# Visual Studio Version 17
VisualStudioVersion = 17.8.34525.116
MinimumVisualStudioVersion = 10.0.40219.1
Project("{8BC9CEB8-8B4A-11D0-8D11-00A0C91BC942}") = "Game", "Game\Game.vcxproj", "{FE55CFAE-1C68-4F23-B1E9-E7ACA7276E18}"
EndProject
Project("{8BC9CEB8-8B4A-11D0-8D11-00A0C91BC942}") = "Engine", "Engine\Engine.vcxproj", "{B08E4420-127F-4EEF-B033-F0F4585834B7}"
EndProject
Global
	GlobalSection(SolutionConfigurationPlatforms) = preSolution
		Debug|x64 = Debug|x64
		Debug|x86 = Debug|x86
		Release|x64 = Release|x64
		Release|x86 = Release|x86
	EndGlobalSection
	GlobalSection(ProjectConfigurationPlatforms) = postSolution
		{FE55CFAE-1C68-4F23-B1E9-E7ACA7276E18}.Debug|x64.ActiveCfg = Debug|x64
		{FE55CFAE-1C68-4F23-B1E9-E7ACA7276E18}.Debug|x64.Build.0 = Debug|x64
		{FE55CFAE-1C68-4F23-B1E9-E7ACA7276E18}.Debug|x86.ActiveCfg = Debug|Win32
		{FE55CFAE-1C68-4F23-B1E9-E7ACA7276E18}.Debug|x86.Build.0 = Debug|Win32
		{FE55CFAE-1C68-4F23-B1E9-E7ACA7276E18}.Release|x64.ActiveCfg = Release|x64
		{FE55CFAE-1C68-4F23-B1E9-E7ACA7276E18}.Release|x64.Build.0 = Release|x64
		{FE55CFAE-1C68-4F23-B1E9-E7ACA7276E18}.Release|x86.ActiveCfg = Release|Win32
		{FE55CFAE-1C68-4F23-B1E9-E7ACA7276E18}.Release|x86.Build.0 = Release|Win32
		{B08E4420-127F-4EEF-B033-F0F4585834B7}.Debug|x64.ActiveCfg = Debug|x64
		{B08E4420-127F-4EEF-B033-F0F4585834B7}.Debug|x64.Build.0 = Debug|x64
		{B08E4420-127F-4EEF-B033-F0F4585834B7}.Debug|x86.ActiveCfg = Debug|Win32
		{B08E4420-127F-4EEF-B033-F0F4585834B7}.Debug|x86.Build.0 = Debug|Win32
		{B08E4420-127F-4EEF-B033-F0F4585834B7}.Release|x64.ActiveCfg = Release|x64
		{B08E4420-127F-4EEF-B033-F0F4585834B7}.Release|x64.Build.0 = Release|x64
		{B08E4420-127F-4EEF-B033-F0F4585834B7}.Release|x86.ActiveCfg = Release|Win32
		{B08E4420-127F-4EEF-B033-F0F4585834B7}.Release|x86.Build.0 = Release|Win32
	EndGlobalSection
	GlobalSection(SolutionProperties) = preSolution
		HideSolutionNode = FALSE
	EndGlobalSection
	GlobalSection(ExtensibilityGlobals) = postSolution
		SolutionGuid = {38E8C4BE-8395-40E0-943F-FEE262DFEFFD}
	EndGlobalSection
EndGlobal
